
Microsoft Visual Studio Solution File, Format Version 12.00
Project("{FAE04EC0-301F-11D3-BF4B-00C04F79EFBC}") = "exam-6", "exam-6\exam-6.csproj", "{F5B214F8-E1C2-4CB0-9768-E41F5E3C1D23}"
EndProject
Global
	GlobalSection(SolutionConfigurationPlatforms) = preSolution
		Debug|Any CPU = Debug|Any CPU
		Release|Any CPU = Release|Any CPU
	EndGlobalSection
	GlobalSection(ProjectConfigurationPlatforms) = postSolution
		{F5B214F8-E1C2-4CB0-9768-E41F5E3C1D23}.Debug|Any CPU.ActiveCfg = Debug|Any CPU
		{F5B214F8-E1C2-4CB0-9768-E41F5E3C1D23}.Debug|Any CPU.Build.0 = Debug|Any CPU
		{F5B214F8-E1C2-4CB0-9768-E41F5E3C1D23}.Release|Any CPU.ActiveCfg = Release|Any CPU
		{F5B214F8-E1C2-4CB0-9768-E41F5E3C1D23}.Release|Any CPU.Build.0 = Release|Any CPU
	EndGlobalSection
EndGlobal
